
Microsoft Visual Studio Solution File, Format Version 12.00
# Visual Studio 15
VisualStudioVersion = 15.0.28307.168
MinimumVisualStudioVersion = 10.0.40219.1
Project("{FAE04EC0-301F-11D3-BF4B-00C04F79EFBC}") = "WebBrowser", ".\WebBrowser.csproj", "{FC30807D-5E3A-4C43-A101-1FB3F67A0FEB}"
EndProject
Global
	GlobalSection(SolutionConfigurationPlatforms) = preSolution
		Debug|Any CPU = Debug|Any CPU
		Release|Any CPU = Release|Any CPU
	EndGlobalSection
	GlobalSection(ProjectConfigurationPlatforms) = postSolution
		{FC30807D-5E3A-4C43-A101-1FB3F67A0FEB}.Debug|Any CPU.ActiveCfg = Debug|Any CPU
		{FC30807D-5E3A-4C43-A101-1FB3F67A0FEB}.Debug|Any CPU.Build.0 = Debug|Any CPU
		{FC30807D-5E3A-4C43-A101-1FB3F67A0FEB}.Release|Any CPU.ActiveCfg = Release|Any CPU
		{FC30807D-5E3A-4C43-A101-1FB3F67A0FEB}.Release|Any CPU.Build.0 = Release|Any CPU
	EndGlobalSection
	GlobalSection(SolutionProperties) = preSolution
		HideSolutionNode = FALSE
	EndGlobalSection
	GlobalSection(ExtensibilityGlobals) = postSolution
		SolutionGuid = {8FE851E6-C4BD-45D9-8F24-2E48F83CEE31}
	EndGlobalSection
EndGlobal
